{
  "lockfileVersion": 1,
  "configVersion": 1,
  "workspaces": {
    "": {
      "name": "@grey-ts/template",
      "dependencies": {
        "@grey-ts/transpiler": "link:@grey-ts/transpiler",
        "@grey-ts/types": "https://github.com/OkkaOk/grey-ts-types",
      },
    },
  },
  "trustedDependencies": [
    "@grey-ts/types",
  ],
  "packages": {
    "@grey-ts/transpiler": ["@grey-ts/transpiler@link:@grey-ts/transpiler", { "bin": { "greyts": "dist/index.js" } }],

    "@grey-ts/types": ["@grey-ts/types@github:OkkaOk/grey-ts-types#208e32f", {}, "OkkaOk-grey-ts-types-208e32f"],
  }
}
